
Microsoft Visual Studio Solution File, Format Version 12.00
# Visual Studio 2013
VisualStudioVersion = 12.0.31101.0
MinimumVisualStudioVersion = 10.0.40219.1
Project("{6989167D-11E4-40FE-8C1A-2192A86A7E90}") = "matrix", "matrix\matrix.vfproj", "{7CCB597D-3CC5-4EBF-AAD8-952AB51A1913}"
EndProject
Global
	GlobalSection(SolutionConfigurationPlatforms) = preSolution
		Debug|Win32 = Debug|Win32
		Release|Win32 = Release|Win32
	EndGlobalSection
	GlobalSection(ProjectConfigurationPlatforms) = postSolution
		{7CCB597D-3CC5-4EBF-AAD8-952AB51A1913}.Debug|Win32.ActiveCfg = Debug|Win32
		{7CCB597D-3CC5-4EBF-AAD8-952AB51A1913}.Debug|Win32.Build.0 = Debug|Win32
		{7CCB597D-3CC5-4EBF-AAD8-952AB51A1913}.Release|Win32.ActiveCfg = Release|Win32
		{7CCB597D-3CC5-4EBF-AAD8-952AB51A1913}.Release|Win32.Build.0 = Release|Win32
	EndGlobalSection
	GlobalSection(SolutionProperties) = preSolution
		HideSolutionNode = FALSE
	EndGlobalSection
EndGlobal
